PODS:
  - Alamofire (4.0.0)
  - CocoaLumberjack/Core (3.0.0)
  - CocoaLumberjack/Default (3.0.0):
    - CocoaLumberjack/Core
  - CocoaLumberjack/Extensions (3.0.0):
    - CocoaLumberjack/Default
  - CocoaLumberjack/Swift (3.0.0):
    - CocoaLumberjack/Extensions
  - Crashlytics (3.8.2):
    - Fabric (~> 1.6.3)
  - Fabric (1.6.8)
  - Firebase/AdMob (3.6.0):
    - Firebase/Analytics
    - Google-Mobile-Ads-SDK (= 7.11.0)
  - Firebase/Analytics (3.6.0):
    - FirebaseAnalytics (= 3.4.2)
  - FirebaseAnalytics (3.4.2):
    - FirebaseInstanceID (~> 1.0)
    - GoogleInterchangeUtilities (~> 1.2)
    - GoogleSymbolUtilities (~> 1.1)
    - GoogleUtilities (~> 1.2)
  - FirebaseInstanceID (1.0.8)
  - Google-Mobile-Ads-SDK (7.11.0)
  - GoogleInterchangeUtilities (1.2.1):
    - GoogleSymbolUtilities (~> 1.0)
  - GoogleMaps (2.1.0):
    - GoogleMaps/Maps (= 2.1.0)
  - GoogleMaps/Base (2.1.0)
  - GoogleMaps/Maps (2.1.0):
    - GoogleMaps/Base (= 2.1.0)
  - GooglePlaces (2.1.0):
    - GoogleMaps/Base (= 2.1.0)
  - GoogleSymbolUtilities (1.1.1)
  - GoogleUtilities (1.3.1):
    - GoogleSymbolUtilities (~> 1.0)
  - JGProgressHUD (1.4)
  - Kanna (2.0.0)
  - Moya (8.0.0-beta.2):
    - Moya/Core (= 8.0.0-beta.2)
  - Moya-ObjectMapper/Core (1.4):
    - Moya
    - ObjectMapper
  - Moya-ObjectMapper/RxSwift (1.4):
    - Moya-ObjectMapper/Core
    - Moya/RxSwift
    - RxSwift
  - Moya/Core (8.0.0-beta.2):
    - Alamofire (~> 4.0.0)
    - Result
  - Moya/RxSwift (8.0.0-beta.2):
    - Moya/Core
    - RxSwift
  - ObjectMapper (2.0.0)
  - ObjectMapper+Realm (0.1):
    - ObjectMapper
    - RealmSwift
  - Realm (2.0.2):
    - Realm/Headers (= 2.0.2)
  - Realm/Headers (2.0.2)
  - RealmSwift (2.0.2):
    - Realm (= 2.0.2)
  - Result (3.0.0)
  - RxCocoa (3.0.0-beta.1):
    - RxSwift (~> 3.0.0-beta.1)
  - RxSwift (3.0.0-beta.2)

DEPENDENCIES:
  - CocoaLumberjack/Swift
  - Crashlytics
  - Fabric
  - Firebase/AdMob
  - GoogleMaps
  - GooglePlaces
  - JGProgressHUD
  - Kanna (~> 2.0.0)
  - Moya (from `https://github.com/Moya/Moya`)
  - Moya-ObjectMapper/RxSwift (from `https://github.com/ivanbruel/Moya-ObjectMapper`)
  - ObjectMapper+Realm (from `https://github.com/Jakenberg/ObjectMapper-Realm.git`, branch `master`)
  - RealmSwift
  - RxCocoa (= 3.0.0-beta.1)
  - RxSwift (from `https://github.com/ReactiveX/RxSwift`)

EXTERNAL SOURCES:
  Moya:
    :git: https://github.com/Moya/Moya
  Moya-ObjectMapper:
    :git: https://github.com/ivanbruel/Moya-ObjectMapper
  ObjectMapper+Realm:
    :branch: master
    :git: https://github.com/Jakenberg/ObjectMapper-Realm.git
  RxSwift:
    :git: https://github.com/ReactiveX/RxSwift

CHECKOUT OPTIONS:
  Moya:
    :commit: aa8604e5c22da70850dd3597b797975378fe2207
    :git: https://github.com/Moya/Moya
  Moya-ObjectMapper:
    :commit: b0ea096d5c77371be2ca1afecff59371a112c11a
    :git: https://github.com/ivanbruel/Moya-ObjectMapper
  ObjectMapper+Realm:
    :commit: 53d297b268c7db6cedefa3cae539b62ebf7ddec5
    :git: https://github.com/Jakenberg/ObjectMapper-Realm.git
  RxSwift:
    :commit: 832f79cd02a2eae6316ff989eb38c2dced826a34
    :git: https://github.com/ReactiveX/RxSwift

SPEC CHECKSUMS:
  Alamofire: fef59f00388f267e52d9b432aa5d93dc97190f14
  CocoaLumberjack: c823149bccc5519a9447aeb433be7b1212a7d6a5
  Crashlytics: 27acca95a01b042a8294291dd6dff27f8f6af6d7
  Fabric: 5755268d0171435ab167e3d0878a28a777deaf10
  Firebase: 34187200ef4979dbd485c7aa685ef078bf587c86
  FirebaseAnalytics: 3f5358d9104adf159cc8d99b7b501e50099a39ad
  FirebaseInstanceID: ba1e640935235e5fac39dfa816fe7660e72e1a8a
  Google-Mobile-Ads-SDK: 0e864ab93ba1ff8afe92e16de0e4e883f581ed33
  GoogleInterchangeUtilities: def8415a862effc67d549d5b5b0b9c7a2f97d4de
  GoogleMaps: 06589b9a38097bce0cd6e90f0fd9b5e4b4a9344c
  GooglePlaces: 16e96266483b8010e9f275399403647978523c86
  GoogleSymbolUtilities: 33117db1b5f290c6fbf259585e4885b4c84b98d7
  GoogleUtilities: 56c5ac05b7aa5dc417a1bb85221a9516e04d7032
  JGProgressHUD: 1617b0940cf80bb53e8f7d6f0fd69252ea45d6d4
  Kanna: 9a6637f72f5c77fe9c045b1efb2a5bb074754af8
  Moya: 920d40f738e6f4ece84010cec701bb9693be8251
  Moya-ObjectMapper: d5ac1aafdc31f2b50620ae78b8d4cdefd0504791
  ObjectMapper: aed2570edabbd3c9b26c939e1cabdb6558f933e0
  ObjectMapper+Realm: dbcf666c2081d82dc527b054c574b9f3777df060
  Realm: 0f5a194af0b7e6158b83db41b4ee1a00be7ddf1a
  RealmSwift: 0eb5070d851cba7c66e841ca756d83609dc78bc8
  Result: 1b3e431f37cbcd3ad89c6aa9ab0ae55515fae3b6
  RxCocoa: 8cecf331302b8ae5381bbab1bccba4ede2eae6a8
  RxSwift: 0ea939d7d97cb70657190ffde8dc2a9b455778fc

PODFILE CHECKSUM: ace99ed61110102db265caea3835bc4e09aa8f6c

COCOAPODS: 1.1.1
