// !$*UTF8*$!
{
	archiveVersion = 1;
	classes = {
	};
	objectVersion = 46;
	objects = {

/* Begin PBXBuildFile section */
		1A2AF858B9D7FA24773C30CC /* Pods_Routes.framework in Frameworks */ = {isa = PBXBuildFile; fileRef = C0536A1EED692664FEE20D1F /* Pods_Routes.framework */; };
		2FC804B275CFA6DD1B31CAE7 /* Pods_RoutesTests.framework in Frameworks */ = {isa = PBXBuildFile; fileRef = FEF99AF94876C1C6D4788C5B /* Pods_RoutesTests.framework */; };
		EA18A88A1DB86FBE00216FD8 /* RouteDetailsViewController.swift in Sources */ = {isa = PBXBuildFile; fileRef = EA18A8891DB86FBE00216FD8 /* RouteDetailsViewController.swift */; };
		EA18A88C1DB8717500216FD8 /* RoutesMapView.swift in Sources */ = {isa = PBXBuildFile; fileRef = EA18A88B1DB8717500216FD8 /* RoutesMapView.swift */; };
		EA18A88E1DB89C7100216FD8 /* StepDetailView.swift in Sources */ = {isa = PBXBuildFile; fileRef = EA18A88D1DB89C7100216FD8 /* StepDetailView.swift */; };
		EA18A8941DB8B31E00216FD8 /* StepDetailTableViewCell.swift in Sources */ = {isa = PBXBuildFile; fileRef = EA18A8931DB8B31E00216FD8 /* StepDetailTableViewCell.swift */; };
		EA2E56D71D37246F00D2E4C7 /* AppDelegate.swift in Sources */ = {isa = PBXBuildFile; fileRef = EA2E56D61D37246F00D2E4C7 /* AppDelegate.swift */; };
		EA2E56DE1D37246F00D2E4C7 /* Assets.xcassets in Resources */ = {isa = PBXBuildFile; fileRef = EA2E56DD1D37246F00D2E4C7 /* Assets.xcassets */; };
		EA2E56E11D37246F00D2E4C7 /* LaunchScreen.storyboard in Resources */ = {isa = PBXBuildFile; fileRef = EA2E56DF1D37246F00D2E4C7 /* LaunchScreen.storyboard */; };
		EA2E56EC1D37246F00D2E4C7 /* RoutesTests.swift in Sources */ = {isa = PBXBuildFile; fileRef = EA2E56EB1D37246F00D2E4C7 /* RoutesTests.swift */; };
		EA3DFA261DB37E7400215049 /* sample_here_response.json in Resources */ = {isa = PBXBuildFile; fileRef = EA3DFA251DB37E7400215049 /* sample_here_response.json */; };
		EA3DFA2B1DB3821E00215049 /* SelectRouteViewModel.swift in Sources */ = {isa = PBXBuildFile; fileRef = EA3DFA2A1DB3821E00215049 /* SelectRouteViewModel.swift */; };
		EA3DFA2E1DB4F57C00215049 /* RouteSummaryOverlayCollectionViewCell.swift in Sources */ = {isa = PBXBuildFile; fileRef = EA3DFA2D1DB4F57B00215049 /* RouteSummaryOverlayCollectionViewCell.swift */; };
		EA3DFA301DB4F86200215049 /* RouteSummaryDetailView.swift in Sources */ = {isa = PBXBuildFile; fileRef = EA3DFA2F1DB4F86200215049 /* RouteSummaryDetailView.swift */; };
		EA3DFA321DB5549500215049 /* ShowDirectionView.swift in Sources */ = {isa = PBXBuildFile; fileRef = EA3DFA311DB5549500215049 /* ShowDirectionView.swift */; };
		EA3DFA341DB55C9000215049 /* PriorityQueue.swift in Sources */ = {isa = PBXBuildFile; fileRef = EA3DFA331DB55C9000215049 /* PriorityQueue.swift */; };
		EA3DFA361DB5771100215049 /* RouteSummaryRenameView.swift in Sources */ = {isa = PBXBuildFile; fileRef = EA3DFA351DB5771100215049 /* RouteSummaryRenameView.swift */; };
		EA3DFA381DB5778100215049 /* RouteRenameTextView.swift in Sources */ = {isa = PBXBuildFile; fileRef = EA3DFA371DB5778100215049 /* RouteRenameTextView.swift */; };
		EA3DFA3A1DB5C99E00215049 /* RoutesKeyboardToolbar.swift in Sources */ = {isa = PBXBuildFile; fileRef = EA3DFA391DB5C99E00215049 /* RoutesKeyboardToolbar.swift */; };
		EA4BCE451DB9757500D93FE5 /* AddRouteNicknameViewController.swift in Sources */ = {isa = PBXBuildFile; fileRef = EA4BCE441DB9757500D93FE5 /* AddRouteNicknameViewController.swift */; };
		EA4BCE471DB9861900D93FE5 /* AddNicknameSectionView.swift in Sources */ = {isa = PBXBuildFile; fileRef = EA4BCE461DB9861900D93FE5 /* AddNicknameSectionView.swift */; };
		EA894F6D1D3C689B00FE5F56 /* RouteLocationManager.swift in Sources */ = {isa = PBXBuildFile; fileRef = EA894F6C1D3C689B00FE5F56 /* RouteLocationManager.swift */; };
		EA894F6F1D3D766600FE5F56 /* Configuration.plist in Resources */ = {isa = PBXBuildFile; fileRef = EA894F6E1D3D766600FE5F56 /* Configuration.plist */; };
		EA894F711D3D891C00FE5F56 /* RoutesAPI.swift in Sources */ = {isa = PBXBuildFile; fileRef = EA894F701D3D891C00FE5F56 /* RoutesAPI.swift */; };
		EA894F731D3DA23600FE5F56 /* Route.swift in Sources */ = {isa = PBXBuildFile; fileRef = EA894F721D3DA23600FE5F56 /* Route.swift */; };
		EAA180AA1D38E4E8002B22B1 /* RouteTableViewCell.swift in Sources */ = {isa = PBXBuildFile; fileRef = EAA180A91D38E4E8002B22B1 /* RouteTableViewCell.swift */; };
		EAA180AC1D38E65B002B22B1 /* RouteProgressBarView.swift in Sources */ = {isa = PBXBuildFile; fileRef = EAA180AB1D38E65B002B22B1 /* RouteProgressBarView.swift */; };
		EAA180AF1D38F233002B22B1 /* ActivityIndicator.swift in Sources */ = {isa = PBXBuildFile; fileRef = EAA180AE1D38F233002B22B1 /* ActivityIndicator.swift */; };
		EAB165241D3B3CEC0069A6EA /* Montserrat-Bold.ttf in Resources */ = {isa = PBXBuildFile; fileRef = EAB165221D3B3CEC0069A6EA /* Montserrat-Bold.ttf */; };
		EAB165251D3B3CEC0069A6EA /* Montserrat-Regular.ttf in Resources */ = {isa = PBXBuildFile; fileRef = EAB165231D3B3CEC0069A6EA /* Montserrat-Regular.ttf */; };
		EAB165291D3B475D0069A6EA /* SelectRouteCollectionViewController.swift in Sources */ = {isa = PBXBuildFile; fileRef = EAB165281D3B475D0069A6EA /* SelectRouteCollectionViewController.swift */; };
		EABBC1131D3C1FCE0005D78B /* AddRouteBaseViewController.swift in Sources */ = {isa = PBXBuildFile; fileRef = EABBC1121D3C1FCE0005D78B /* AddRouteBaseViewController.swift */; };
		EABBC1151D3C21DA0005D78B /* RouteSummaryCollectionViewCell.swift in Sources */ = {isa = PBXBuildFile; fileRef = EABBC1141D3C21DA0005D78B /* RouteSummaryCollectionViewCell.swift */; };
		EACF488E1DBC6D15007228D0 /* AddLocationsViewModel.swift in Sources */ = {isa = PBXBuildFile; fileRef = EACF488D1DBC6D15007228D0 /* AddLocationsViewModel.swift */; };
		EACF48901DBDFC4E007228D0 /* LegOverviewDetailView.swift in Sources */ = {isa = PBXBuildFile; fileRef = EACF488F1DBDFC4E007228D0 /* LegOverviewDetailView.swift */; };
		EACFD3551D3731E7004AB14C /* RoutesTableViewController.swift in Sources */ = {isa = PBXBuildFile; fileRef = EACFD3541D3731E7004AB14C /* RoutesTableViewController.swift */; };
		EAD1ED071DC8496D00011324 /* RoutesTableViewModel.swift in Sources */ = {isa = PBXBuildFile; fileRef = EAD1ED061DC8496D00011324 /* RoutesTableViewModel.swift */; };
		EAD1ED0A1DC8972100011324 /* RouteRanker.swift in Sources */ = {isa = PBXBuildFile; fileRef = EAD1ED091DC8972100011324 /* RouteRanker.swift */; };
		EAE15AC11DC72C4E0095267C /* RoutesDataService.swift in Sources */ = {isa = PBXBuildFile; fileRef = EAE15AC01DC72C4E0095267C /* RoutesDataService.swift */; };
		EAF2B3451D38FBDE00723238 /* OpenSans-Bold.ttf in Resources */ = {isa = PBXBuildFile; fileRef = EAF2B33B1D38FBDE00723238 /* OpenSans-Bold.ttf */; };
		EAF2B3461D38FBDE00723238 /* OpenSans-BoldItalic.ttf in Resources */ = {isa = PBXBuildFile; fileRef = EAF2B33C1D38FBDE00723238 /* OpenSans-BoldItalic.ttf */; };
		EAF2B3471D38FBDE00723238 /* OpenSans-ExtraBold.ttf in Resources */ = {isa = PBXBuildFile; fileRef = EAF2B33D1D38FBDE00723238 /* OpenSans-ExtraBold.ttf */; };
		EAF2B3481D38FBDE00723238 /* OpenSans-ExtraBoldItalic.ttf in Resources */ = {isa = PBXBuildFile; fileRef = EAF2B33E1D38FBDE00723238 /* OpenSans-ExtraBoldItalic.ttf */; };
		EAF2B3491D38FBDE00723238 /* OpenSans-Italic.ttf in Resources */ = {isa = PBXBuildFile; fileRef = EAF2B33F1D38FBDE00723238 /* OpenSans-Italic.ttf */; };
		EAF2B34A1D38FBDE00723238 /* OpenSans-Light.ttf in Resources */ = {isa = PBXBuildFile; fileRef = EAF2B3401D38FBDE00723238 /* OpenSans-Light.ttf */; };
		EAF2B34B1D38FBDE00723238 /* OpenSans-LightItalic.ttf in Resources */ = {isa = PBXBuildFile; fileRef = EAF2B3411D38FBDE00723238 /* OpenSans-LightItalic.ttf */; };
		EAF2B34C1D38FBDE00723238 /* OpenSans-Regular.ttf in Resources */ = {isa = PBXBuildFile; fileRef = EAF2B3421D38FBDE00723238 /* OpenSans-Regular.ttf */; };
		EAF2B34D1D38FBDE00723238 /* OpenSans-Semibold.ttf in Resources */ = {isa = PBXBuildFile; fileRef = EAF2B3431D38FBDE00723238 /* OpenSans-Semibold.ttf */; };
		EAF2B34E1D38FBDE00723238 /* OpenSans-SemiboldItalic.ttf in Resources */ = {isa = PBXBuildFile; fileRef = EAF2B3441D38FBDE00723238 /* OpenSans-SemiboldItalic.ttf */; };
		EAF2B3501D39A68700723238 /* AddLocationViewController.swift in Sources */ = {isa = PBXBuildFile; fileRef = EAF2B34F1D39A68700723238 /* AddLocationViewController.swift */; };
		EAF2B3521D39B5F800723238 /* LocationTableViewCell.swift in Sources */ = {isa = PBXBuildFile; fileRef = EAF2B3511D39B5F800723238 /* LocationTableViewCell.swift */; };
		EAF2B3541D3B240800723238 /* AddStartingLocationViewController.swift in Sources */ = {isa = PBXBuildFile; fileRef = EAF2B3531D3B240800723238 /* AddStartingLocationViewController.swift */; };
		EAF2B3561D3B241B00723238 /* AddDestinationLocationViewController.swift in Sources */ = {isa = PBXBuildFile; fileRef = EAF2B3551D3B241B00723238 /* AddDestinationLocationViewController.swift */; };
		EAF2B3591D3B365F00723238 /* Extensions.swift in Sources */ = {isa = PBXBuildFile; fileRef = EAF2B3581D3B365F00723238 /* Extensions.swift */; };
/* End PBXBuildFile section */

/* Begin PBXContainerItemProxy section */
		EA2E56E81D37246F00D2E4C7 /* PBXContainerItemProxy */ = {
			isa = PBXContainerItemProxy;
			containerPortal = EA2E56CB1D37246F00D2E4C7 /* Project object */;
			proxyType = 1;
			remoteGlobalIDString = EA2E56D21D37246F00D2E4C7;
			remoteInfo = Routes;
		};
/* End PBXContainerItemProxy section */

/* Begin PBXFileReference section */
		66DF33A77C56DB03B0B9A3FE /* Pods-RoutesTests.debug.xcconfig */ = {isa = PBXFileReference; includeInIndex = 1; lastKnownFileType = text.xcconfig; name = "Pods-RoutesTests.debug.xcconfig"; path = "Pods/Target Support Files/Pods-RoutesTests/Pods-RoutesTests.debug.xcconfig"; sourceTree = "<group>"; };
		8C5C4055F0A6443BE596E4EF /* Pods-RoutesTests.release.xcconfig */ = {isa = PBXFileReference; includeInIndex = 1; lastKnownFileType = text.xcconfig; name = "Pods-RoutesTests.release.xcconfig"; path = "Pods/Target Support Files/Pods-RoutesTests/Pods-RoutesTests.release.xcconfig"; sourceTree = "<group>"; };
		BF3CCCE4C69D0CBC1B72A495 /* Pods-Routes.release.xcconfig */ = {isa = PBXFileReference; includeInIndex = 1; lastKnownFileType = text.xcconfig; name = "Pods-Routes.release.xcconfig"; path = "Pods/Target Support Files/Pods-Routes/Pods-Routes.release.xcconfig"; sourceTree = "<group>"; };
		C0536A1EED692664FEE20D1F /* Pods_Routes.framework */ = {isa = PBXFileReference; explicitFileType = wrapper.framework; includeInIndex = 0; path = Pods_Routes.framework; sourceTree = BUILT_PRODUCTS_DIR; };
		EA18A8891DB86FBE00216FD8 /* RouteDetailsViewController.swift */ = {isa = PBXFileReference; fileEncoding = 4; lastKnownFileType = sourcecode.swift; name = RouteDetailsViewController.swift; path = Views/RouteDetailsViewController.swift; sourceTree = "<group>"; };
		EA18A88B1DB8717500216FD8 /* RoutesMapView.swift */ = {isa = PBXFileReference; fileEncoding = 4; lastKnownFileType = sourcecode.swift; path = RoutesMapView.swift; sourceTree = "<group>"; };
		EA18A88D1DB89C7100216FD8 /* StepDetailView.swift */ = {isa = PBXFileReference; fileEncoding = 4; lastKnownFileType = sourcecode.swift; name = StepDetailView.swift; path = Views/StepDetailView.swift; sourceTree = "<group>"; };
		EA18A8931DB8B31E00216FD8 /* StepDetailTableViewCell.swift */ = {isa = PBXFileReference; fileEncoding = 4; lastKnownFileType = sourcecode.swift; path = StepDetailTableViewCell.swift; sourceTree = "<group>"; };
		EA2E56D31D37246F00D2E4C7 /* RoutesDebug.app */ = {isa = PBXFileReference; explicitFileType = wrapper.application; includeInIndex = 0; path = RoutesDebug.app; sourceTree = BUILT_PRODUCTS_DIR; };
		EA2E56D61D37246F00D2E4C7 /* AppDelegate.swift */ = {isa = PBXFileReference; lastKnownFileType = sourcecode.swift; path = AppDelegate.swift; sourceTree = "<group>"; };
		EA2E56DD1D37246F00D2E4C7 /* Assets.xcassets */ = {isa = PBXFileReference; lastKnownFileType = folder.assetcatalog; path = Assets.xcassets; sourceTree = "<group>"; };
		EA2E56E01D37246F00D2E4C7 /* Base */ = {isa = PBXFileReference; lastKnownFileType = file.storyboard; name = Base; path = Base.lproj/LaunchScreen.storyboard; sourceTree = "<group>"; };
		EA2E56E21D37246F00D2E4C7 /* Info.plist */ = {isa = PBXFileReference; lastKnownFileType = text.plist.xml; path = Info.plist; sourceTree = "<group>"; };
		EA2E56E71D37246F00D2E4C7 /* RoutesTests.xctest */ = {isa = PBXFileReference; explicitFileType = wrapper.cfbundle; includeInIndex = 0; path = RoutesTests.xctest; sourceTree = BUILT_PRODUCTS_DIR; };
		EA2E56EB1D37246F00D2E4C7 /* RoutesTests.swift */ = {isa = PBXFileReference; lastKnownFileType = sourcecode.swift; path = RoutesTests.swift; sourceTree = "<group>"; };
		EA2E56ED1D37246F00D2E4C7 /* Info.plist */ = {isa = PBXFileReference; lastKnownFileType = text.plist.xml; path = Info.plist; sourceTree = "<group>"; };
		EA3DFA251DB37E7400215049 /* sample_here_response.json */ = {isa = PBXFileReference; fileEncoding = 4; lastKnownFileType = text.json; name = sample_here_response.json; path = Samples/sample_here_response.json; sourceTree = "<group>"; };
		EA3DFA2A1DB3821E00215049 /* SelectRouteViewModel.swift */ = {isa = PBXFileReference; fileEncoding = 4; lastKnownFileType = sourcecode.swift; name = SelectRouteViewModel.swift; path = ViewModels/SelectRouteViewModel.swift; sourceTree = "<group>"; };
		EA3DFA2D1DB4F57B00215049 /* RouteSummaryOverlayCollectionViewCell.swift */ = {isa = PBXFileReference; fileEncoding = 4; lastKnownFileType = sourcecode.swift; name = RouteSummaryOverlayCollectionViewCell.swift; path = Views/RouteSummaryOverlayCollectionViewCell.swift; sourceTree = "<group>"; };
		EA3DFA2F1DB4F86200215049 /* RouteSummaryDetailView.swift */ = {isa = PBXFileReference; fileEncoding = 4; lastKnownFileType = sourcecode.swift; name = RouteSummaryDetailView.swift; path = Views/RouteSummaryDetailView.swift; sourceTree = "<group>"; };
		EA3DFA311DB5549500215049 /* ShowDirectionView.swift */ = {isa = PBXFileReference; fileEncoding = 4; lastKnownFileType = sourcecode.swift; name = ShowDirectionView.swift; path = Views/ShowDirectionView.swift; sourceTree = "<group>"; };
		EA3DFA331DB55C9000215049 /* PriorityQueue.swift */ = {isa = PBXFileReference; fileEncoding = 4; lastKnownFileType = sourcecode.swift; name = PriorityQueue.swift; path = Helpers/PriorityQueue.swift; sourceTree = "<group>"; };
		EA3DFA351DB5771100215049 /* RouteSummaryRenameView.swift */ = {isa = PBXFileReference; fileEncoding = 4; lastKnownFileType = sourcecode.swift; name = RouteSummaryRenameView.swift; path = Views/RouteSummaryRenameView.swift; sourceTree = "<group>"; };
		EA3DFA371DB5778100215049 /* RouteRenameTextView.swift */ = {isa = PBXFileReference; fileEncoding = 4; lastKnownFileType = sourcecode.swift; name = RouteRenameTextView.swift; path = Views/RouteRenameTextView.swift; sourceTree = "<group>"; };
		EA3DFA391DB5C99E00215049 /* RoutesKeyboardToolbar.swift */ = {isa = PBXFileReference; fileEncoding = 4; lastKnownFileType = sourcecode.swift; name = RoutesKeyboardToolbar.swift; path = Views/RoutesKeyboardToolbar.swift; sourceTree = "<group>"; };
		EA4BCE441DB9757500D93FE5 /* AddRouteNicknameViewController.swift */ = {isa = PBXFileReference; fileEncoding = 4; lastKnownFileType = sourcecode.swift; name = AddRouteNicknameViewController.swift; path = Views/AddRouteNicknameViewController.swift; sourceTree = "<group>"; };
		EA4BCE461DB9861900D93FE5 /* AddNicknameSectionView.swift */ = {isa = PBXFileReference; fileEncoding = 4; lastKnownFileType = sourcecode.swift; path = AddNicknameSectionView.swift; sourceTree = "<group>"; };
		EA894F6C1D3C689B00FE5F56 /* RouteLocationManager.swift */ = {isa = PBXFileReference; fileEncoding = 4; lastKnownFileType = sourcecode.swift; path = RouteLocationManager.swift; sourceTree = "<group>"; };
		EA894F6E1D3D766600FE5F56 /* Configuration.plist */ = {isa = PBXFileReference; fileEncoding = 4; lastKnownFileType = text.plist.xml; path = Configuration.plist; sourceTree = "<group>"; };
		EA894F701D3D891C00FE5F56 /* RoutesAPI.swift */ = {isa = PBXFileReference; fileEncoding = 4; lastKnownFileType = sourcecode.swift; path = RoutesAPI.swift; sourceTree = "<group>"; };
		EA894F721D3DA23600FE5F56 /* Route.swift */ = {isa = PBXFileReference; fileEncoding = 4; lastKnownFileType = sourcecode.swift; path = Route.swift; sourceTree = "<group>"; };
		EAA180A91D38E4E8002B22B1 /* RouteTableViewCell.swift */ = {isa = PBXFileReference; fileEncoding = 4; lastKnownFileType = sourcecode.swift; path = RouteTableViewCell.swift; sourceTree = "<group>"; };
		EAA180AB1D38E65B002B22B1 /* RouteProgressBarView.swift */ = {isa = PBXFileReference; fileEncoding = 4; lastKnownFileType = sourcecode.swift; path = RouteProgressBarView.swift; sourceTree = "<group>"; };
		EAA180AE1D38F233002B22B1 /* ActivityIndicator.swift */ = {isa = PBXFileReference; fileEncoding = 4; lastKnownFileType = sourcecode.swift; lineEnding = 0; path = ActivityIndicator.swift; sourceTree = "<group>"; xcLanguageSpecificationIdentifier = xcode.lang.swift; };
		EAB165221D3B3CEC0069A6EA /* Montserrat-Bold.ttf */ = {isa = PBXFileReference; lastKnownFileType = file; name = "Montserrat-Bold.ttf"; path = "Fonts/Montserrat/Montserrat-Bold.ttf"; sourceTree = "<group>"; };
		EAB165231D3B3CEC0069A6EA /* Montserrat-Regular.ttf */ = {isa = PBXFileReference; lastKnownFileType = file; name = "Montserrat-Regular.ttf"; path = "Fonts/Montserrat/Montserrat-Regular.ttf"; sourceTree = "<group>"; };
		EAB165281D3B475D0069A6EA /* SelectRouteCollectionViewController.swift */ = {isa = PBXFileReference; fileEncoding = 4; lastKnownFileType = sourcecode.swift; path = SelectRouteCollectionViewController.swift; sourceTree = "<group>"; };
		EABBC1121D3C1FCE0005D78B /* AddRouteBaseViewController.swift */ = {isa = PBXFileReference; fileEncoding = 4; lastKnownFileType = sourcecode.swift; lineEnding = 0; path = AddRouteBaseViewController.swift; sourceTree = "<group>"; xcLanguageSpecificationIdentifier = xcode.lang.swift; };
		EABBC1141D3C21DA0005D78B /* RouteSummaryCollectionViewCell.swift */ = {isa = PBXFileReference; fileEncoding = 4; lastKnownFileType = sourcecode.swift; path = RouteSummaryCollectionViewCell.swift; sourceTree = "<group>"; };
		EACF488D1DBC6D15007228D0 /* AddLocationsViewModel.swift */ = {isa = PBXFileReference; fileEncoding = 4; lastKnownFileType = sourcecode.swift; name = AddLocationsViewModel.swift; path = ViewModels/AddLocationsViewModel.swift; sourceTree = "<group>"; };
		EACF488F1DBDFC4E007228D0 /* LegOverviewDetailView.swift */ = {isa = PBXFileReference; fileEncoding = 4; lastKnownFileType = sourcecode.swift; name = LegOverviewDetailView.swift; path = Views/LegOverviewDetailView.swift; sourceTree = "<group>"; };
		EACFD3541D3731E7004AB14C /* RoutesTableViewController.swift */ = {isa = PBXFileReference; fileEncoding = 4; lastKnownFileType = sourcecode.swift; path = RoutesTableViewController.swift; sourceTree = "<group>"; };
		EAD1ED061DC8496D00011324 /* RoutesTableViewModel.swift */ = {isa = PBXFileReference; fileEncoding = 4; lastKnownFileType = sourcecode.swift; name = RoutesTableViewModel.swift; path = ViewModels/RoutesTableViewModel.swift; sourceTree = "<group>"; };
		EAD1ED091DC8972100011324 /* RouteRanker.swift */ = {isa = PBXFileReference; fileEncoding = 4; lastKnownFileType = sourcecode.swift; path = RouteRanker.swift; sourceTree = "<group>"; };
		EAE15AC01DC72C4E0095267C /* RoutesDataService.swift */ = {isa = PBXFileReference; fileEncoding = 4; lastKnownFileType = sourcecode.swift; path = RoutesDataService.swift; sourceTree = "<group>"; };
		EAF2B33B1D38FBDE00723238 /* OpenSans-Bold.ttf */ = {isa = PBXFileReference; lastKnownFileType = file; name = "OpenSans-Bold.ttf"; path = "Fonts/OpenSans/OpenSans-Bold.ttf"; sourceTree = "<group>"; };
		EAF2B33C1D38FBDE00723238 /* OpenSans-BoldItalic.ttf */ = {isa = PBXFileReference; lastKnownFileType = file; name = "OpenSans-BoldItalic.ttf"; path = "Fonts/OpenSans/OpenSans-BoldItalic.ttf"; sourceTree = "<group>"; };
		EAF2B33D1D38FBDE00723238 /* OpenSans-ExtraBold.ttf */ = {isa = PBXFileReference; lastKnownFileType = file; name = "OpenSans-ExtraBold.ttf"; path = "Fonts/OpenSans/OpenSans-ExtraBold.ttf"; sourceTree = "<group>"; };
		EAF2B33E1D38FBDE00723238 /* OpenSans-ExtraBoldItalic.ttf */ = {isa = PBXFileReference; lastKnownFileType = file; name = "OpenSans-ExtraBoldItalic.ttf"; path = "Fonts/OpenSans/OpenSans-ExtraBoldItalic.ttf"; sourceTree = "<group>"; };
		EAF2B33F1D38FBDE00723238 /* OpenSans-Italic.ttf */ = {isa = PBXFileReference; lastKnownFileType = file; name = "OpenSans-Italic.ttf"; path = "Fonts/OpenSans/OpenSans-Italic.ttf"; sourceTree = "<group>"; };
		EAF2B3401D38FBDE00723238 /* OpenSans-Light.ttf */ = {isa = PBXFileReference; lastKnownFileType = file; name = "OpenSans-Light.ttf"; path = "Fonts/OpenSans/OpenSans-Light.ttf"; sourceTree = "<group>"; };
		EAF2B3411D38FBDE00723238 /* OpenSans-LightItalic.ttf */ = {isa = PBXFileReference; lastKnownFileType = file; name = "OpenSans-LightItalic.ttf"; path = "Fonts/OpenSans/OpenSans-LightItalic.ttf"; sourceTree = "<group>"; };
		EAF2B3421D38FBDE00723238 /* OpenSans-Regular.ttf */ = {isa = PBXFileReference; lastKnownFileType = file; name = "OpenSans-Regular.ttf"; path = "Fonts/OpenSans/OpenSans-Regular.ttf"; sourceTree = "<group>"; };
		EAF2B3431D38FBDE00723238 /* OpenSans-Semibold.ttf */ = {isa = PBXFileReference; lastKnownFileType = file; name = "OpenSans-Semibold.ttf"; path = "Fonts/OpenSans/OpenSans-Semibold.ttf"; sourceTree = "<group>"; };
		EAF2B3441D38FBDE00723238 /* OpenSans-SemiboldItalic.ttf */ = {isa = PBXFileReference; lastKnownFileType = file; name = "OpenSans-SemiboldItalic.ttf"; path = "Fonts/OpenSans/OpenSans-SemiboldItalic.ttf"; sourceTree = "<group>"; };
		EAF2B34F1D39A68700723238 /* AddLocationViewController.swift */ = {isa = PBXFileReference; fileEncoding = 4; lastKnownFileType = sourcecode.swift; lineEnding = 0; path = AddLocationViewController.swift; sourceTree = "<group>"; xcLanguageSpecificationIdentifier = xcode.lang.swift; };
		EAF2B3511D39B5F800723238 /* LocationTableViewCell.swift */ = {isa = PBXFileReference; fileEncoding = 4; lastKnownFileType = sourcecode.swift; path = LocationTableViewCell.swift; sourceTree = "<group>"; };
		EAF2B3531D3B240800723238 /* AddStartingLocationViewController.swift */ = {isa = PBXFileReference; fileEncoding = 4; lastKnownFileType = sourcecode.swift; lineEnding = 0; path = AddStartingLocationViewController.swift; sourceTree = "<group>"; xcLanguageSpecificationIdentifier = xcode.lang.swift; };
		EAF2B3551D3B241B00723238 /* AddDestinationLocationViewController.swift */ = {isa = PBXFileReference; fileEncoding = 4; lastKnownFileType = sourcecode.swift; path = AddDestinationLocationViewController.swift; sourceTree = "<group>"; };
		EAF2B3581D3B365F00723238 /* Extensions.swift */ = {isa = PBXFileReference; fileEncoding = 4; lastKnownFileType = sourcecode.swift; name = Extensions.swift; path = Extensions/Extensions.swift; sourceTree = "<group>"; };
		EB88DE0F7A392BE6BB69B592 /* Pods-Routes.debug.xcconfig */ = {isa = PBXFileReference; includeInIndex = 1; lastKnownFileType = text.xcconfig; name = "Pods-Routes.debug.xcconfig"; path = "Pods/Target Support Files/Pods-Routes/Pods-Routes.debug.xcconfig"; sourceTree = "<group>"; };
		FEF99AF94876C1C6D4788C5B /* Pods_RoutesTests.framework */ = {isa = PBXFileReference; explicitFileType = wrapper.framework; includeInIndex = 0; path = Pods_RoutesTests.framework; sourceTree = BUILT_PRODUCTS_DIR; };
/* End PBXFileReference section */

/* Begin PBXFrameworksBuildPhase section */
		EA2E56D01D37246F00D2E4C7 /* Frameworks */ = {
			isa = PBXFrameworksBuildPhase;
			buildActionMask = 2147483647;
			files = (
				1A2AF858B9D7FA24773C30CC /* Pods_Routes.framework in Frameworks */,
			);
			runOnlyForDeploymentPostprocessing = 0;
		};
		EA2E56E41D37246F00D2E4C7 /* Frameworks */ = {
			isa = PBXFrameworksBuildPhase;
			buildActionMask = 2147483647;
			files = (
				2FC804B275CFA6DD1B31CAE7 /* Pods_RoutesTests.framework in Frameworks */,
			);
			runOnlyForDeploymentPostprocessing = 0;
		};
/* End PBXFrameworksBuildPhase section */

/* Begin PBXGroup section */
		2373170F6431F6A3F494245C /* Pods */ = {
			isa = PBXGroup;
			children = (
				EB88DE0F7A392BE6BB69B592 /* Pods-Routes.debug.xcconfig */,
				BF3CCCE4C69D0CBC1B72A495 /* Pods-Routes.release.xcconfig */,
				66DF33A77C56DB03B0B9A3FE /* Pods-RoutesTests.debug.xcconfig */,
				8C5C4055F0A6443BE596E4EF /* Pods-RoutesTests.release.xcconfig */,
			);
			name = Pods;
			sourceTree = "<group>";
		};
		D0A92D979432B72707518863 /* Frameworks */ = {
			isa = PBXGroup;
			children = (
				C0536A1EED692664FEE20D1F /* Pods_Routes.framework */,
				FEF99AF94876C1C6D4788C5B /* Pods_RoutesTests.framework */,
			);
			name = Frameworks;
			sourceTree = "<group>";
		};
		EA2E56CA1D37246F00D2E4C7 = {
			isa = PBXGroup;
			children = (
				EA2E56D51D37246F00D2E4C7 /* Routes */,
				EA2E56EA1D37246F00D2E4C7 /* RoutesTests */,
				EA2E56D41D37246F00D2E4C7 /* Products */,
				2373170F6431F6A3F494245C /* Pods */,
				D0A92D979432B72707518863 /* Frameworks */,
			);
			sourceTree = "<group>";
		};
		EA2E56D41D37246F00D2E4C7 /* Products */ = {
			isa = PBXGroup;
			children = (
				EA2E56D31D37246F00D2E4C7 /* RoutesDebug.app */,
				EA2E56E71D37246F00D2E4C7 /* RoutesTests.xctest */,
			);
			name = Products;
			sourceTree = "<group>";
		};
		EA2E56D51D37246F00D2E4C7 /* Routes */ = {
			isa = PBXGroup;
			children = (
				EA3DFA291DB381F300215049 /* ViewModels */,
				EA3DFA281DB381C800215049 /* Views */,
				EA3DFA271DB381BC00215049 /* Models */,
				EA2E56D61D37246F00D2E4C7 /* AppDelegate.swift */,
				EA2E56DD1D37246F00D2E4C7 /* Assets.xcassets */,
				EA2E56DF1D37246F00D2E4C7 /* LaunchScreen.storyboard */,
				EA2E56E21D37246F00D2E4C7 /* Info.plist */,
				EA894F6E1D3D766600FE5F56 /* Configuration.plist */,
				EAD1ED081DC8970900011324 /* Ranker */,
				EAF2B3571D3B364200723238 /* Helpers */,
				EAA180AD1D38F21C002B22B1 /* RxSwift+Helpers */,
				EAF2B3261D38FBAB00723238 /* Fonts */,
				EA3DFA241DB37DF100215049 /* Samples */,
			);
			path = Routes;
			sourceTree = "<group>";
		};
		EA2E56EA1D37246F00D2E4C7 /* RoutesTests */ = {
			isa = PBXGroup;
			children = (
				EA2E56EB1D37246F00D2E4C7 /* RoutesTests.swift */,
				EA2E56ED1D37246F00D2E4C7 /* Info.plist */,
			);
			path = RoutesTests;
			sourceTree = "<group>";
		};
		EA3DFA241DB37DF100215049 /* Samples */ = {
			isa = PBXGroup;
			children = (
				EA3DFA251DB37E7400215049 /* sample_here_response.json */,
			);
			name = Samples;
			sourceTree = "<group>";
		};
		EA3DFA271DB381BC00215049 /* Models */ = {
			isa = PBXGroup;
			children = (
				EA894F701D3D891C00FE5F56 /* RoutesAPI.swift */,
				EA894F721D3DA23600FE5F56 /* Route.swift */,
				EA894F6C1D3C689B00FE5F56 /* RouteLocationManager.swift */,
				EAE15AC01DC72C4E0095267C /* RoutesDataService.swift */,
			);
			name = Models;
			sourceTree = "<group>";
		};
		EA3DFA281DB381C800215049 /* Views */ = {
			isa = PBXGroup;
			children = (
				EA3DFA2C1DB4E06B00215049 /* CustomViews */,
				EAB165271D3B45E80069A6EA /* Home */,
				EAB165261D3B45D20069A6EA /* AddRoute */,
			);
			name = Views;
			sourceTree = "<group>";
		};
		EA3DFA291DB381F300215049 /* ViewModels */ = {
			isa = PBXGroup;
			children = (
				EA3DFA2A1DB3821E00215049 /* SelectRouteViewModel.swift */,
				EACF488D1DBC6D15007228D0 /* AddLocationsViewModel.swift */,
				EAD1ED061DC8496D00011324 /* RoutesTableViewModel.swift */,
			);
			name = ViewModels;
			sourceTree = "<group>";
		};
		EA3DFA2C1DB4E06B00215049 /* CustomViews */ = {
			isa = PBXGroup;
			children = (
				EAA180AB1D38E65B002B22B1 /* RouteProgressBarView.swift */,
				EA3DFA2D1DB4F57B00215049 /* RouteSummaryOverlayCollectionViewCell.swift */,
				EA3DFA2F1DB4F86200215049 /* RouteSummaryDetailView.swift */,
				EA3DFA311DB5549500215049 /* ShowDirectionView.swift */,
				EA3DFA351DB5771100215049 /* RouteSummaryRenameView.swift */,
				EA3DFA371DB5778100215049 /* RouteRenameTextView.swift */,
				EA3DFA391DB5C99E00215049 /* RoutesKeyboardToolbar.swift */,
				EAA180A91D38E4E8002B22B1 /* RouteTableViewCell.swift */,
				EA18A88B1DB8717500216FD8 /* RoutesMapView.swift */,
				EA18A88D1DB89C7100216FD8 /* StepDetailView.swift */,
				EA18A8931DB8B31E00216FD8 /* StepDetailTableViewCell.swift */,
				EA4BCE461DB9861900D93FE5 /* AddNicknameSectionView.swift */,
				EACF488F1DBDFC4E007228D0 /* LegOverviewDetailView.swift */,
			);
			name = CustomViews;
			sourceTree = "<group>";
		};
		EAA180AD1D38F21C002B22B1 /* RxSwift+Helpers */ = {
			isa = PBXGroup;
			children = (
				EAA180AE1D38F233002B22B1 /* ActivityIndicator.swift */,
			);
			name = "RxSwift+Helpers";
			sourceTree = "<group>";
		};
		EAB165261D3B45D20069A6EA /* AddRoute */ = {
			isa = PBXGroup;
			children = (
				EAB165281D3B475D0069A6EA /* SelectRouteCollectionViewController.swift */,
				EAF2B3531D3B240800723238 /* AddStartingLocationViewController.swift */,
				EAF2B3551D3B241B00723238 /* AddDestinationLocationViewController.swift */,
				EAF2B34F1D39A68700723238 /* AddLocationViewController.swift */,
				EABBC1121D3C1FCE0005D78B /* AddRouteBaseViewController.swift */,
				EAF2B3511D39B5F800723238 /* LocationTableViewCell.swift */,
				EABBC1141D3C21DA0005D78B /* RouteSummaryCollectionViewCell.swift */,
				EA4BCE441DB9757500D93FE5 /* AddRouteNicknameViewController.swift */,
			);
			name = AddRoute;
			sourceTree = "<group>";
		};
		EAB165271D3B45E80069A6EA /* Home */ = {
			isa = PBXGroup;
			children = (
				EACFD3541D3731E7004AB14C /* RoutesTableViewController.swift */,
				EA18A8891DB86FBE00216FD8 /* RouteDetailsViewController.swift */,
			);
			name = Home;
			sourceTree = "<group>";
		};
		EAD1ED081DC8970900011324 /* Ranker */ = {
			isa = PBXGroup;
			children = (
				EAD1ED091DC8972100011324 /* RouteRanker.swift */,
			);
			name = Ranker;
			sourceTree = "<group>";
		};
		EAF2B3261D38FBAB00723238 /* Fonts */ = {
			isa = PBXGroup;
			children = (
				EAB165221D3B3CEC0069A6EA /* Montserrat-Bold.ttf */,
				EAB165231D3B3CEC0069A6EA /* Montserrat-Regular.ttf */,
				EAF2B33B1D38FBDE00723238 /* OpenSans-Bold.ttf */,
				EAF2B33C1D38FBDE00723238 /* OpenSans-BoldItalic.ttf */,
				EAF2B33D1D38FBDE00723238 /* OpenSans-ExtraBold.ttf */,
				EAF2B33E1D38FBDE00723238 /* OpenSans-ExtraBoldItalic.ttf */,
				EAF2B33F1D38FBDE00723238 /* OpenSans-Italic.ttf */,
				EAF2B3401D38FBDE00723238 /* OpenSans-Light.ttf */,
				EAF2B3411D38FBDE00723238 /* OpenSans-LightItalic.ttf */,
				EAF2B3421D38FBDE00723238 /* OpenSans-Regular.ttf */,
				EAF2B3431D38FBDE00723238 /* OpenSans-Semibold.ttf */,
				EAF2B3441D38FBDE00723238 /* OpenSans-SemiboldItalic.ttf */,
			);
			name = Fonts;
			sourceTree = "<group>";
		};
		EAF2B3571D3B364200723238 /* Helpers */ = {
			isa = PBXGroup;
			children = (
				EAF2B3581D3B365F00723238 /* Extensions.swift */,
				EA3DFA331DB55C9000215049 /* PriorityQueue.swift */,
			);
			name = Helpers;
			sourceTree = "<group>";
		};
/* End PBXGroup section */

/* Begin PBXNativeTarget section */
		EA2E56D21D37246F00D2E4C7 /* Routes */ = {
			isa = PBXNativeTarget;
			buildConfigurationList = EA2E56F01D37246F00D2E4C7 /* Build configuration list for PBXNativeTarget "Routes" */;
			buildPhases = (
				16FD02C0682E307BADF277EA /* [CP] Check Pods Manifest.lock */,
				EA2E56CF1D37246F00D2E4C7 /* Sources */,
				EA2E56D01D37246F00D2E4C7 /* Frameworks */,
				EA2E56D11D37246F00D2E4C7 /* Resources */,
				164ADCD4E8BD653FB59B2315 /* [CP] Embed Pods Frameworks */,
				5A45E19344E25A0A10B74A48 /* [CP] Copy Pods Resources */,
				EA2E56F61D37291300D2E4C7 /* ShellScript */,
				EAA180B01D38F75A002B22B1 /* ShellScript */,
			);
			buildRules = (
			);
			dependencies = (
			);
			name = Routes;
			productName = Routes;
			productReference = EA2E56D31D37246F00D2E4C7 /* RoutesDebug.app */;
			productType = "com.apple.product-type.application";
		};
		EA2E56E61D37246F00D2E4C7 /* RoutesTests */ = {
			isa = PBXNativeTarget;
			buildConfigurationList = EA2E56F31D37246F00D2E4C7 /* Build configuration list for PBXNativeTarget "RoutesTests" */;
			buildPhases = (
				04DF9E4E9ED9314019944A2D /* [CP] Check Pods Manifest.lock */,
				EA2E56E31D37246F00D2E4C7 /* Sources */,
				EA2E56E41D37246F00D2E4C7 /* Frameworks */,
				EA2E56E51D37246F00D2E4C7 /* Resources */,
				5B17824DE52666A8BD882B6F /* [CP] Embed Pods Frameworks */,
				4427D27BCED896BD7185744F /* [CP] Copy Pods Resources */,
			);
			buildRules = (
			);
			dependencies = (
				EA2E56E91D37246F00D2E4C7 /* PBXTargetDependency */,
			);
			name = RoutesTests;
			productName = RoutesTests;
			productReference = EA2E56E71D37246F00D2E4C7 /* RoutesTests.xctest */;
			productType = "com.apple.product-type.bundle.unit-test";
		};
/* End PBXNativeTarget section */

/* Begin PBXProject section */
		EA2E56CB1D37246F00D2E4C7 /* Project object */ = {
			isa = PBXProject;
			attributes = {
				LastSwiftUpdateCheck = 0730;
				LastUpgradeCheck = 0810;
				ORGANIZATIONNAME = "Mark Jackson";
				TargetAttributes = {
					EA2E56D21D37246F00D2E4C7 = {
						CreatedOnToolsVersion = 7.3.1;
						DevelopmentTeam = 23KKLX956K;
						LastSwiftMigration = 0800;
						SystemCapabilities = {
							com.apple.Maps.iOS = {
								enabled = 0;
							};
						};
					};
					EA2E56E61D37246F00D2E4C7 = {
						CreatedOnToolsVersion = 7.3.1;
						TestTargetID = EA2E56D21D37246F00D2E4C7;
					};
				};
			};
			buildConfigurationList = EA2E56CE1D37246F00D2E4C7 /* Build configuration list for PBXProject "Routes" */;
			compatibilityVersion = "Xcode 3.2";
			developmentRegion = English;
			hasScannedForEncodings = 0;
			knownRegions = (
				en,
				Base,
			);
			mainGroup = EA2E56CA1D37246F00D2E4C7;
			productRefGroup = EA2E56D41D37246F00D2E4C7 /* Products */;
			projectDirPath = "";
			projectRoot = "";
			targets = (
				EA2E56D21D37246F00D2E4C7 /* Routes */,
				EA2E56E61D37246F00D2E4C7 /* RoutesTests */,
			);
		};
/* End PBXProject section */

/* Begin PBXResourcesBuildPhase section */
		EA2E56D11D37246F00D2E4C7 /* Resources */ = {
			isa = PBXResourcesBuildPhase;
			buildActionMask = 2147483647;
			files = (
				EAF2B34C1D38FBDE00723238 /* OpenSans-Regular.ttf in Resources */,
				EAF2B34D1D38FBDE00723238 /* OpenSans-Semibold.ttf in Resources */,
				EAB165251D3B3CEC0069A6EA /* Montserrat-Regular.ttf in Resources */,
				EA2E56E11D37246F00D2E4C7 /* LaunchScreen.storyboard in Resources */,
				EA3DFA261DB37E7400215049 /* sample_here_response.json in Resources */,
				EAF2B3481D38FBDE00723238 /* OpenSans-ExtraBoldItalic.ttf in Resources */,
				EAB165241D3B3CEC0069A6EA /* Montserrat-Bold.ttf in Resources */,
				EA894F6F1D3D766600FE5F56 /* Configuration.plist in Resources */,
				EAF2B34E1D38FBDE00723238 /* OpenSans-SemiboldItalic.ttf in Resources */,
				EAF2B34A1D38FBDE00723238 /* OpenSans-Light.ttf in Resources */,
				EA2E56DE1D37246F00D2E4C7 /* Assets.xcassets in Resources */,
				EAF2B3461D38FBDE00723238 /* OpenSans-BoldItalic.ttf in Resources */,
				EAF2B3451D38FBDE00723238 /* OpenSans-Bold.ttf in Resources */,
				EAF2B3471D38FBDE00723238 /* OpenSans-ExtraBold.ttf in Resources */,
				EAF2B3491D38FBDE00723238 /* OpenSans-Italic.ttf in Resources */,
				EAF2B34B1D38FBDE00723238 /* OpenSans-LightItalic.ttf in Resources */,
			);
			runOnlyForDeploymentPostprocessing = 0;
		};
		EA2E56E51D37246F00D2E4C7 /* Resources */ = {
			isa = PBXResourcesBuildPhase;
			buildActionMask = 2147483647;
			files = (
			);
			runOnlyForDeploymentPostprocessing = 0;
		};
/* End PBXResourcesBuildPhase section */

/* Begin PBXShellScriptBuildPhase section */
		04DF9E4E9ED9314019944A2D /* [CP] Check Pods Manifest.lock */ = {
			isa = PBXShellScriptBuildPhase;
			buildActionMask = 2147483647;
			files = (
			);
			inputPaths = (
			);
			name = "[CP] Check Pods Manifest.lock";
			outputPaths = (
			);
			runOnlyForDeploymentPostprocessing = 0;
			shellPath = /bin/sh;
			shellScript = "diff \"${PODS_ROOT}/../Podfile.lock\" \"${PODS_ROOT}/Manifest.lock\" > /dev/null\nif [ $? != 0 ] ; then\n    # print error to STDERR\n    echo \"error: The sandbox is not in sync with the Podfile.lock. Run 'pod install' or update your CocoaPods installation.\" >&2\n    exit 1\nfi\n";
			showEnvVarsInLog = 0;
		};
		164ADCD4E8BD653FB59B2315 /* [CP] Embed Pods Frameworks */ = {
			isa = PBXShellScriptBuildPhase;
			buildActionMask = 2147483647;
			files = (
			);
			inputPaths = (
			);
			name = "[CP] Embed Pods Frameworks";
			outputPaths = (
			);
			runOnlyForDeploymentPostprocessing = 0;
			shellPath = /bin/sh;
			shellScript = "\"${SRCROOT}/Pods/Target Support Files/Pods-Routes/Pods-Routes-frameworks.sh\"\n";
			showEnvVarsInLog = 0;
		};
		16FD02C0682E307BADF277EA /* [CP] Check Pods Manifest.lock */ = {
			isa = PBXShellScriptBuildPhase;
			buildActionMask = 2147483647;
			files = (
			);
			inputPaths = (
			);
			name = "[CP] Check Pods Manifest.lock";
			outputPaths = (
			);
			runOnlyForDeploymentPostprocessing = 0;
			shellPath = /bin/sh;
			shellScript = "diff \"${PODS_ROOT}/../Podfile.lock\" \"${PODS_ROOT}/Manifest.lock\" > /dev/null\nif [ $? != 0 ] ; then\n    # print error to STDERR\n    echo \"error: The sandbox is not in sync with the Podfile.lock. Run 'pod install' or update your CocoaPods installation.\" >&2\n    exit 1\nfi\n";
			showEnvVarsInLog = 0;
		};
		4427D27BCED896BD7185744F /* [CP] Copy Pods Resources */ = {
			isa = PBXShellScriptBuildPhase;
			buildActionMask = 2147483647;
			files = (
			);
			inputPaths = (
			);
			name = "[CP] Copy Pods Resources";
			outputPaths = (
			);
			runOnlyForDeploymentPostprocessing = 0;
			shellPath = /bin/sh;
			shellScript = "\"${SRCROOT}/Pods/Target Support Files/Pods-RoutesTests/Pods-RoutesTests-resources.sh\"\n";
			showEnvVarsInLog = 0;
		};
		5A45E19344E25A0A10B74A48 /* [CP] Copy Pods Resources */ = {
			isa = PBXShellScriptBuildPhase;
			buildActionMask = 2147483647;
			files = (
			);
			inputPaths = (
			);
			name = "[CP] Copy Pods Resources";
			outputPaths = (
			);
			runOnlyForDeploymentPostprocessing = 0;
			shellPath = /bin/sh;
			shellScript = "\"${SRCROOT}/Pods/Target Support Files/Pods-Routes/Pods-Routes-resources.sh\"\n";
			showEnvVarsInLog = 0;
		};
		5B17824DE52666A8BD882B6F /* [CP] Embed Pods Frameworks */ = {
			isa = PBXShellScriptBuildPhase;
			buildActionMask = 2147483647;
			files = (
			);
			inputPaths = (
			);
			name = "[CP] Embed Pods Frameworks";
			outputPaths = (
			);
			runOnlyForDeploymentPostprocessing = 0;
			shellPath = /bin/sh;
			shellScript = "\"${SRCROOT}/Pods/Target Support Files/Pods-RoutesTests/Pods-RoutesTests-frameworks.sh\"\n";
			showEnvVarsInLog = 0;
		};
		EA2E56F61D37291300D2E4C7 /* ShellScript */ = {
			isa = PBXShellScriptBuildPhase;
			buildActionMask = 2147483647;
			files = (
			);
			inputPaths = (
			);
			outputPaths = (
			);
			runOnlyForDeploymentPostprocessing = 0;
			shellPath = /bin/sh;
			shellScript = "\"${PODS_ROOT}/Fabric/run\" 168fd6df522ad4ef28f476cfbfd98cc7464f34e0 8508d0b4de5f879ab3ffa54f78b31b397e287734fb42f35ae3c4b503575d850f";
		};
		EAA180B01D38F75A002B22B1 /* ShellScript */ = {
			isa = PBXShellScriptBuildPhase;
			buildActionMask = 2147483647;
			files = (
			);
			inputPaths = (
			);
			outputPaths = (
			);
			runOnlyForDeploymentPostprocessing = 0;
			shellPath = /bin/sh;
			shellScript = "if which swiftlint >/dev/null; then\nswiftlint\nelse\necho \"warning: SwiftLint not installed, download from https://github.com/realm/SwiftLint\"\nfi";
		};
/* End PBXShellScriptBuildPhase section */

/* Begin PBXSourcesBuildPhase section */
		EA2E56CF1D37246F00D2E4C7 /* Sources */ = {
			isa = PBXSourcesBuildPhase;
			buildActionMask = 2147483647;
			files = (
				EA4BCE471DB9861900D93FE5 /* AddNicknameSectionView.swift in Sources */,
				EAF2B3561D3B241B00723238 /* AddDestinationLocationViewController.swift in Sources */,
				EA3DFA361DB5771100215049 /* RouteSummaryRenameView.swift in Sources */,
				EABBC1151D3C21DA0005D78B /* RouteSummaryCollectionViewCell.swift in Sources */,
				EA2E56D71D37246F00D2E4C7 /* AppDelegate.swift in Sources */,
				EA3DFA3A1DB5C99E00215049 /* RoutesKeyboardToolbar.swift in Sources */,
				EA894F711D3D891C00FE5F56 /* RoutesAPI.swift in Sources */,
				EAF2B3521D39B5F800723238 /* LocationTableViewCell.swift in Sources */,
				EA3DFA341DB55C9000215049 /* PriorityQueue.swift in Sources */,
				EA3DFA2B1DB3821E00215049 /* SelectRouteViewModel.swift in Sources */,
				EA894F731D3DA23600FE5F56 /* Route.swift in Sources */,
				EAE15AC11DC72C4E0095267C /* RoutesDataService.swift in Sources */,
				EAB165291D3B475D0069A6EA /* SelectRouteCollectionViewController.swift in Sources */,
				EAA180AF1D38F233002B22B1 /* ActivityIndicator.swift in Sources */,
				EAA180AC1D38E65B002B22B1 /* RouteProgressBarView.swift in Sources */,
				EAD1ED071DC8496D00011324 /* RoutesTableViewModel.swift in Sources */,
				EA18A88E1DB89C7100216FD8 /* StepDetailView.swift in Sources */,
				EAD1ED0A1DC8972100011324 /* RouteRanker.swift in Sources */,
				EA18A88C1DB8717500216FD8 /* RoutesMapView.swift in Sources */,
				EACF488E1DBC6D15007228D0 /* AddLocationsViewModel.swift in Sources */,
				EA3DFA2E1DB4F57C00215049 /* RouteSummaryOverlayCollectionViewCell.swift in Sources */,
				EA3DFA301DB4F86200215049 /* RouteSummaryDetailView.swift in Sources */,
				EACF48901DBDFC4E007228D0 /* LegOverviewDetailView.swift in Sources */,
				EAF2B3591D3B365F00723238 /* Extensions.swift in Sources */,
				EAA180AA1D38E4E8002B22B1 /* RouteTableViewCell.swift in Sources */,
				EA18A8941DB8B31E00216FD8 /* StepDetailTableViewCell.swift in Sources */,
				EAF2B3501D39A68700723238 /* AddLocationViewController.swift in Sources */,
				EA4BCE451DB9757500D93FE5 /* AddRouteNicknameViewController.swift in Sources */,
				EA18A88A1DB86FBE00216FD8 /* RouteDetailsViewController.swift in Sources */,
				EACFD3551D3731E7004AB14C /* RoutesTableViewController.swift in Sources */,
				EA3DFA381DB5778100215049 /* RouteRenameTextView.swift in Sources */,
				EABBC1131D3C1FCE0005D78B /* AddRouteBaseViewController.swift in Sources */,
				EA894F6D1D3C689B00FE5F56 /* RouteLocationManager.swift in Sources */,
				EAF2B3541D3B240800723238 /* AddStartingLocationViewController.swift in Sources */,
				EA3DFA321DB5549500215049 /* ShowDirectionView.swift in Sources */,
			);
			runOnlyForDeploymentPostprocessing = 0;
		};
		EA2E56E31D37246F00D2E4C7 /* Sources */ = {
			isa = PBXSourcesBuildPhase;
			buildActionMask = 2147483647;
			files = (
				EA2E56EC1D37246F00D2E4C7 /* RoutesTests.swift in Sources */,
			);
			runOnlyForDeploymentPostprocessing = 0;
		};
/* End PBXSourcesBuildPhase section */

/* Begin PBXTargetDependency section */
		EA2E56E91D37246F00D2E4C7 /* PBXTargetDependency */ = {
			isa = PBXTargetDependency;
			target = EA2E56D21D37246F00D2E4C7 /* Routes */;
			targetProxy = EA2E56E81D37246F00D2E4C7 /* PBXContainerItemProxy */;
		};
/* End PBXTargetDependency section */

/* Begin PBXVariantGroup section */
		EA2E56DF1D37246F00D2E4C7 /* LaunchScreen.storyboard */ = {
			isa = PBXVariantGroup;
			children = (
				EA2E56E01D37246F00D2E4C7 /* Base */,
			);
			name = LaunchScreen.storyboard;
			sourceTree = "<group>";
		};
/* End PBXVariantGroup section */

/* Begin XCBuildConfiguration section */
		EA2E56EE1D37246F00D2E4C7 /* Debug */ = {
			isa = XCBuildConfiguration;
			buildSettings = {
				ALWAYS_SEARCH_USER_PATHS = NO;
				CLANG_ANALYZER_NONNULL = YES;
				CLANG_CXX_LANGUAGE_STANDARD = "gnu++0x";
				CLANG_CXX_LIBRARY = "libc++";
				CLANG_ENABLE_MODULES = YES;
				CLANG_ENABLE_OBJC_ARC = YES;
				CLANG_WARN_BOOL_CONVERSION = YES;
				CLANG_WARN_CONSTANT_CONVERSION = YES;
				CLANG_WARN_DIRECT_OBJC_ISA_USAGE = YES_ERROR;
				CLANG_WARN_EMPTY_BODY = YES;
				CLANG_WARN_ENUM_CONVERSION = YES;
				CLANG_WARN_INFINITE_RECURSION = YES;
				CLANG_WARN_INT_CONVERSION = YES;
				CLANG_WARN_OBJC_ROOT_CLASS = YES_ERROR;
				CLANG_WARN_SUSPICIOUS_MOVE = YES;
				CLANG_WARN_UNREACHABLE_CODE = YES;
				CLANG_WARN__DUPLICATE_METHOD_MATCH = YES;
				"CODE_SIGN_IDENTITY[sdk=iphoneos*]" = "iPhone Developer";
				COPY_PHASE_STRIP = NO;
				DEBUG_INFORMATION_FORMAT = dwarf;
				ENABLE_STRICT_OBJC_MSGSEND = YES;
				ENABLE_TESTABILITY = YES;
				GCC_C_LANGUAGE_STANDARD = gnu99;
				GCC_DYNAMIC_NO_PIC = NO;
				GCC_NO_COMMON_BLOCKS = YES;
				GCC_OPTIMIZATION_LEVEL = 0;
				GCC_PREPROCESSOR_DEFINITIONS = (
					"DEBUG=1",
					"$(inherited)",
				);
				GCC_WARN_64_TO_32_BIT_CONVERSION = YES;
				GCC_WARN_ABOUT_RETURN_TYPE = YES_ERROR;
				GCC_WARN_UNDECLARED_SELECTOR = YES;
				GCC_WARN_UNINITIALIZED_AUTOS = YES_AGGRESSIVE;
				GCC_WARN_UNUSED_FUNCTION = YES;
				GCC_WARN_UNUSED_VARIABLE = YES;
				IPHONEOS_DEPLOYMENT_TARGET = 10.0;
				MTL_ENABLE_DEBUG_INFO = YES;
				ONLY_ACTIVE_ARCH = YES;
				SDKROOT = iphoneos;
				SWIFT_OPTIMIZATION_LEVEL = "-Onone";
				SWIFT_VERSION = 2.3;
			};
			name = Debug;
		};
		EA2E56EF1D37246F00D2E4C7 /* Release */ = {
			isa = XCBuildConfiguration;
			buildSettings = {
				ALWAYS_SEARCH_USER_PATHS = NO;
				CLANG_ANALYZER_NONNULL = YES;
				CLANG_CXX_LANGUAGE_STANDARD = "gnu++0x";
				CLANG_CXX_LIBRARY = "libc++";
				CLANG_ENABLE_MODULES = YES;
				CLANG_ENABLE_OBJC_ARC = YES;
				CLANG_WARN_BOOL_CONVERSION = YES;
				CLANG_WARN_CONSTANT_CONVERSION = YES;
				CLANG_WARN_DIRECT_OBJC_ISA_USAGE = YES_ERROR;
				CLANG_WARN_EMPTY_BODY = YES;
				CLANG_WARN_ENUM_CONVERSION = YES;
				CLANG_WARN_INFINITE_RECURSION = YES;
				CLANG_WARN_INT_CONVERSION = YES;
				CLANG_WARN_OBJC_ROOT_CLASS = YES_ERROR;
				CLANG_WARN_SUSPICIOUS_MOVE = YES;
				CLANG_WARN_UNREACHABLE_CODE = YES;
				CLANG_WARN__DUPLICATE_METHOD_MATCH = YES;
				"CODE_SIGN_IDENTITY[sdk=iphoneos*]" = "iPhone Developer";
				COPY_PHASE_STRIP = NO;
				DEBUG_INFORMATION_FORMAT = "dwarf-with-dsym";
				ENABLE_NS_ASSERTIONS = NO;
				ENABLE_STRICT_OBJC_MSGSEND = YES;
				GCC_C_LANGUAGE_STANDARD = gnu99;
				GCC_NO_COMMON_BLOCKS = YES;
				GCC_WARN_64_TO_32_BIT_CONVERSION = YES;
				GCC_WARN_ABOUT_RETURN_TYPE = YES_ERROR;
				GCC_WARN_UNDECLARED_SELECTOR = YES;
				GCC_WARN_UNINITIALIZED_AUTOS = YES_AGGRESSIVE;
				GCC_WARN_UNUSED_FUNCTION = YES;
				GCC_WARN_UNUSED_VARIABLE = YES;
				IPHONEOS_DEPLOYMENT_TARGET = 10.0;
				MTL_ENABLE_DEBUG_INFO = NO;
				SDKROOT = iphoneos;
				SWIFT_OPTIMIZATION_LEVEL = "-Owholemodule";
				SWIFT_VERSION = 2.3;
				VALIDATE_PRODUCT = YES;
			};
			name = Release;
		};
		EA2E56F11D37246F00D2E4C7 /* Debug */ = {
			isa = XCBuildConfiguration;
			baseConfigurationReference = EB88DE0F7A392BE6BB69B592 /* Pods-Routes.debug.xcconfig */;
			buildSettings = {
				ALWAYS_EMBED_SWIFT_STANDARD_LIBRARIES = YES;
				ASSETCATALOG_COMPILER_APPICON_NAME = AppIcon;
				CODE_SIGN_IDENTITY = "iPhone Developer";
				DEBUG_INFORMATION_FORMAT = "dwarf-with-dsym";
				INFOPLIST_FILE = Routes/Info.plist;
				IPHONEOS_DEPLOYMENT_TARGET = 10.0;
				LD_RUNPATH_SEARCH_PATHS = "$(inherited) @executable_path/Frameworks";
				OTHER_SWIFT_FLAGS = "$(inherited) \"-D\" \"COCOAPODS\" -DDEBUG";
				PRODUCT_BUNDLE_IDENTIFIER = com.jacks205.routes.debug;
				PRODUCT_NAME = "$(TARGET_NAME)Debug";
				SWIFT_VERSION = 3.0;
			};
			name = Debug;
		};
		EA2E56F21D37246F00D2E4C7 /* Release */ = {
			isa = XCBuildConfiguration;
			baseConfigurationReference = BF3CCCE4C69D0CBC1B72A495 /* Pods-Routes.release.xcconfig */;
			buildSettings = {
				ALWAYS_EMBED_SWIFT_STANDARD_LIBRARIES = YES;
				ASSETCATALOG_COMPILER_APPICON_NAME = AppIcon;
				CODE_SIGN_IDENTITY = "iPhone Developer";
				DEBUG_INFORMATION_FORMAT = "dwarf-with-dsym";
				INFOPLIST_FILE = Routes/Info.plist;
				IPHONEOS_DEPLOYMENT_TARGET = 10.0;
				LD_RUNPATH_SEARCH_PATHS = "$(inherited) @executable_path/Frameworks";
				PRODUCT_BUNDLE_IDENTIFIER = com.jacks205.routes;
				PRODUCT_NAME = "$(TARGET_NAME)";
				SWIFT_VERSION = 3.0;
			};
			name = Release;
		};
		EA2E56F41D37246F00D2E4C7 /* Debug */ = {
			isa = XCBuildConfiguration;
			baseConfigurationReference = 66DF33A77C56DB03B0B9A3FE /* Pods-RoutesTests.debug.xcconfig */;
			buildSettings = {
				BUNDLE_LOADER = "$(TEST_HOST)";
				INFOPLIST_FILE = RoutesTests/Info.plist;
				LD_RUNPATH_SEARCH_PATHS = "$(inherited) @executable_path/Frameworks @loader_path/Frameworks";
				PRODUCT_BUNDLE_IDENTIFIER = come.jacks205.RoutesTests;
				PRODUCT_NAME = "$(TARGET_NAME)";
				TEST_HOST = "$(BUILT_PRODUCTS_DIR)/Routes.app/Routes";
			};
			name = Debug;
		};
		EA2E56F51D37246F00D2E4C7 /* Release */ = {
			isa = XCBuildConfiguration;
			baseConfigurationReference = 8C5C4055F0A6443BE596E4EF /* Pods-RoutesTests.release.xcconfig */;
			buildSettings = {
				BUNDLE_LOADER = "$(TEST_HOST)";
				INFOPLIST_FILE = RoutesTests/Info.plist;
				LD_RUNPATH_SEARCH_PATHS = "$(inherited) @executable_path/Frameworks @loader_path/Frameworks";
				PRODUCT_BUNDLE_IDENTIFIER = come.jacks205.RoutesTests;
				PRODUCT_NAME = "$(TARGET_NAME)";
				TEST_HOST = "$(BUILT_PRODUCTS_DIR)/Routes.app/Routes";
			};
			name = Release;
		};
/* End XCBuildConfiguration section */

/* Begin XCConfigurationList section */
		EA2E56CE1D37246F00D2E4C7 /* Build configuration list for PBXProject "Routes" */ = {
			isa = XCConfigurationList;
			buildConfigurations = (
				EA2E56EE1D37246F00D2E4C7 /* Debug */,
				EA2E56EF1D37246F00D2E4C7 /* Release */,
			);
			defaultConfigurationIsVisible = 0;
			defaultConfigurationName = Release;
		};
		EA2E56F01D37246F00D2E4C7 /* Build configuration list for PBXNativeTarget "Routes" */ = {
			isa = XCConfigurationList;
			buildConfigurations = (
				EA2E56F11D37246F00D2E4C7 /* Debug */,
				EA2E56F21D37246F00D2E4C7 /* Release */,
			);
			defaultConfigurationIsVisible = 0;
			defaultConfigurationName = Release;
		};
		EA2E56F31D37246F00D2E4C7 /* Build configuration list for PBXNativeTarget "RoutesTests" */ = {
			isa = XCConfigurationList;
			buildConfigurations = (
				EA2E56F41D37246F00D2E4C7 /* Debug */,
				EA2E56F51D37246F00D2E4C7 /* Release */,
			);
			defaultConfigurationIsVisible = 0;
			defaultConfigurationName = Release;
		};
/* End XCConfigurationList section */
	};
	rootObject = EA2E56CB1D37246F00D2E4C7 /* Project object */;
}
